{
  "name": "spacepulse-ai",
  "lockfileVersion": 3,
  "requires": true,
  "packages": {
    "": {
      "dependencies": {
        "satellite.js": "^7.0.1"
      }
    },
    "node_modules/satellite.js": {
      "version": "7.0.1",
      "resolved": "https://registry.npmjs.org/satellite.js/-/satellite.js-7.0.1.tgz",
      "integrity": "sha512-43hMdoom4miUvwX7FkroaHGq4JHIFQRNcUx570xD9KkZjsVssoWxHp8uk6KwDm+lmrW6GTuP2+G4PwvtHfr62A==",
      "license": "MIT"
    }
  }
}
